
Microsoft Visual Studio Solution File, Format Version 12.00
# Visual Studio Version 16
VisualStudioVersion = 16.0.32002.261
MinimumVisualStudioVersion = 10.0.40219.1
Project("{8BC9CEB8-8B4A-11D0-8D11-00A0C91BC942}") = "gssheehan-proj2", "gssheehan-proj2\gssheehan-proj2.vcxproj", "{14DDEC10-44E1-4939-94CF-4685AC713AED}"
EndProject
Global
	GlobalSection(SolutionConfigurationPlatforms) = preSolution
		Debug|x64 = Debug|x64
		Debug|x86 = Debug|x86
		Release|x64 = Release|x64
		Release|x86 = Release|x86
	EndGlobalSection
	GlobalSection(ProjectConfigurationPlatforms) = postSolution
		{14DDEC10-44E1-4939-94CF-4685AC713AED}.Debug|x64.ActiveCfg = Debug|x64
		{14DDEC10-44E1-4939-94CF-4685AC713AED}.Debug|x64.Build.0 = Debug|x64
		{14DDEC10-44E1-4939-94CF-4685AC713AED}.Debug|x86.ActiveCfg = Debug|Win32
		{14DDEC10-44E1-4939-94CF-4685AC713AED}.Debug|x86.Build.0 = Debug|Win32
		{14DDEC10-44E1-4939-94CF-4685AC713AED}.Release|x64.ActiveCfg = Release|x64
		{14DDEC10-44E1-4939-94CF-4685AC713AED}.Release|x64.Build.0 = Release|x64
		{14DDEC10-44E1-4939-94CF-4685AC713AED}.Release|x86.ActiveCfg = Release|Win32
		{14DDEC10-44E1-4939-94CF-4685AC713AED}.Release|x86.Build.0 = Release|Win32
	EndGlobalSection
	GlobalSection(SolutionProperties) = preSolution
		HideSolutionNode = FALSE
	EndGlobalSection
	GlobalSection(ExtensibilityGlobals) = postSolution
		SolutionGuid = {5F006FDB-4CC6-4FE8-81E5-041D6D1C9079}
	EndGlobalSection
EndGlobal
